// !$*UTF8*$!
{
	archiveVersion = 1;
	classes = {
	};
	objectVersion = 56;
	objects = {

/* Begin PBXBuildFile section */
		0827A459C97DEE6EDF95BD63 /* Pods_SportsApp_SportsAppUITests.framework in Frameworks */ = {isa = PBXBuildFile; fileRef = D39DC0E3196580D71B551726 /* Pods_SportsApp_SportsAppUITests.framework */; };
		D9D99B6B22DF10F315102660 /* Pods_SportsApp.framework in Frameworks */ = {isa = PBXBuildFile; fileRef = 42B2D02B20403AA21FA46CB6 /* Pods_SportsApp.framework */; };
		E3056A5C2AC378E000AFCFAD /* SportsCell.swift in Sources */ = {isa = PBXBuildFile; fileRef = E3056A5A2AC378E000AFCFAD /* SportsCell.swift */; };
		E3056A5D2AC378E000AFCFAD /* SportsCell.xib in Resources */ = {isa = PBXBuildFile; fileRef = E3056A5B2AC378E000AFCFAD /* SportsCell.xib */; };
		E3056A5F2AC37A2A00AFCFAD /* SportsViewController.swift in Sources */ = {isa = PBXBuildFile; fileRef = E3056A5E2AC37A2A00AFCFAD /* SportsViewController.swift */; };
		E3A335382AC361A00083A2F4 /* AppDelegate.swift in Sources */ = {isa = PBXBuildFile; fileRef = E3A335372AC361A00083A2F4 /* AppDelegate.swift */; };
		E3A3353A2AC361A00083A2F4 /* SceneDelegate.swift in Sources */ = {isa = PBXBuildFile; fileRef = E3A335392AC361A00083A2F4 /* SceneDelegate.swift */; };
		E3A3353F2AC361A00083A2F4 /* Main.storyboard in Resources */ = {isa = PBXBuildFile; fileRef = E3A3353D2AC361A00083A2F4 /* Main.storyboard */; };
		E3A335422AC361A00083A2F4 /* SportsApp.xcdatamodeld in Sources */ = {isa = PBXBuildFile; fileRef = E3A335402AC361A00083A2F4 /* SportsApp.xcdatamodeld */; };
		E3A335442AC361A30083A2F4 /* Assets.xcassets in Resources */ = {isa = PBXBuildFile; fileRef = E3A335432AC361A30083A2F4 /* Assets.xcassets */; };
		E3A335472AC361A30083A2F4 /* LaunchScreen.storyboard in Resources */ = {isa = PBXBuildFile; fileRef = E3A335452AC361A30083A2F4 /* LaunchScreen.storyboard */; };
		E3A335522AC361A40083A2F4 /* SportsAppTests.swift in Sources */ = {isa = PBXBuildFile; fileRef = E3A335512AC361A40083A2F4 /* SportsAppTests.swift */; };
		E3A3355C2AC361A40083A2F4 /* SportsAppUITests.swift in Sources */ = {isa = PBXBuildFile; fileRef = E3A3355B2AC361A40083A2F4 /* SportsAppUITests.swift */; };
		E3A3355E2AC361A40083A2F4 /* SportsAppUITestsLaunchTests.swift in Sources */ = {isa = PBXBuildFile; fileRef = E3A3355D2AC361A40083A2F4 /* SportsAppUITestsLaunchTests.swift */; };
		FE29ED2BE70BBCB88E68CD70 /* Pods_SportsAppTests.framework in Frameworks */ = {isa = PBXBuildFile; fileRef = 080C6C59248FC7EF1E93011F /* Pods_SportsAppTests.framework */; };
/* End PBXBuildFile section */

/* Begin PBXContainerItemProxy section */
		E3A3354E2AC361A40083A2F4 /* PBXContainerItemProxy */ = {
			isa = PBXContainerItemProxy;
			containerPortal = E3A3352C2AC361A00083A2F4 /* Project object */;
			proxyType = 1;
			remoteGlobalIDString = E3A335332AC361A00083A2F4;
			remoteInfo = SportsApp;
		};
		E3A335582AC361A40083A2F4 /* PBXContainerItemProxy */ = {
			isa = PBXContainerItemProxy;
			containerPortal = E3A3352C2AC361A00083A2F4 /* Project object */;
			proxyType = 1;
			remoteGlobalIDString = E3A335332AC361A00083A2F4;
			remoteInfo = SportsApp;
		};
/* End PBXContainerItemProxy section */

/* Begin PBXFileReference section */
		080C6C59248FC7EF1E93011F /* Pods_SportsAppTests.framework */ = {isa = PBXFileReference; explicitFileType = wrapper.framework; includeInIndex = 0; path = Pods_SportsAppTests.framework; sourceTree = BUILT_PRODUCTS_DIR; };
		13BDD90F800CD852BB86BBA5 /* Pods-SportsApp-SportsAppUITests.debug.xcconfig */ = {isa = PBXFileReference; includeInIndex = 1; lastKnownFileType = text.xcconfig; name = "Pods-SportsApp-SportsAppUITests.debug.xcconfig"; path = "Target Support Files/Pods-SportsApp-SportsAppUITests/Pods-SportsApp-SportsAppUITests.debug.xcconfig"; sourceTree = "<group>"; };
		42B2D02B20403AA21FA46CB6 /* Pods_SportsApp.framework */ = {isa = PBXFileReference; explicitFileType = wrapper.framework; includeInIndex = 0; path = Pods_SportsApp.framework; sourceTree = BUILT_PRODUCTS_DIR; };
		5DE03A45B44CF5129D9861BF /* Pods-SportsAppTests.debug.xcconfig */ = {isa = PBXFileReference; includeInIndex = 1; lastKnownFileType = text.xcconfig; name = "Pods-SportsAppTests.debug.xcconfig"; path = "Target Support Files/Pods-SportsAppTests/Pods-SportsAppTests.debug.xcconfig"; sourceTree = "<group>"; };
		62F5A51FDB1415386655A4F7 /* Pods-SportsApp.release.xcconfig */ = {isa = PBXFileReference; includeInIndex = 1; lastKnownFileType = text.xcconfig; name = "Pods-SportsApp.release.xcconfig"; path = "Target Support Files/Pods-SportsApp/Pods-SportsApp.release.xcconfig"; sourceTree = "<group>"; };
		8317BB0DE83479C2B88019BF /* Pods-SportsApp-SportsAppUITests.release.xcconfig */ = {isa = PBXFileReference; includeInIndex = 1; lastKnownFileType = text.xcconfig; name = "Pods-SportsApp-SportsAppUITests.release.xcconfig"; path = "Target Support Files/Pods-SportsApp-SportsAppUITests/Pods-SportsApp-SportsAppUITests.release.xcconfig"; sourceTree = "<group>"; };
		9692437C4F2300A43C001E59 /* Pods-SportsAppTests.release.xcconfig */ = {isa = PBXFileReference; includeInIndex = 1; lastKnownFileType = text.xcconfig; name = "Pods-SportsAppTests.release.xcconfig"; path = "Target Support Files/Pods-SportsAppTests/Pods-SportsAppTests.release.xcconfig"; sourceTree = "<group>"; };
		BECECBFF986C7F6DD4632999 /* Pods-SportsApp.debug.xcconfig */ = {isa = PBXFileReference; includeInIndex = 1; lastKnownFileType = text.xcconfig; name = "Pods-SportsApp.debug.xcconfig"; path = "Target Support Files/Pods-SportsApp/Pods-SportsApp.debug.xcconfig"; sourceTree = "<group>"; };
		D39DC0E3196580D71B551726 /* Pods_SportsApp_SportsAppUITests.framework */ = {isa = PBXFileReference; explicitFileType = wrapper.framework; includeInIndex = 0; path = Pods_SportsApp_SportsAppUITests.framework; sourceTree = BUILT_PRODUCTS_DIR; };
		E3056A5A2AC378E000AFCFAD /* SportsCell.swift */ = {isa = PBXFileReference; lastKnownFileType = sourcecode.swift; name = SportsCell.swift; path = "HomeScreen/Components /SportsCell.swift"; sourceTree = SOURCE_ROOT; };
		E3056A5B2AC378E000AFCFAD /* SportsCell.xib */ = {isa = PBXFileReference; lastKnownFileType = file.xib; name = SportsCell.xib; path = "HomeScreen/Components /SportsCell.xib"; sourceTree = SOURCE_ROOT; };
		E3056A5E2AC37A2A00AFCFAD /* SportsViewController.swift */ = {isa = PBXFileReference; lastKnownFileType = sourcecode.swift; name = SportsViewController.swift; path = "HomeScreen/Components /SportsViewController.swift"; sourceTree = SOURCE_ROOT; };
		E3A335342AC361A00083A2F4 /* SportsApp.app */ = {isa = PBXFileReference; explicitFileType = wrapper.application; includeInIndex = 0; path = SportsApp.app; sourceTree = BUILT_PRODUCTS_DIR; };
		E3A335372AC361A00083A2F4 /* AppDelegate.swift */ = {isa = PBXFileReference; lastKnownFileType = sourcecode.swift; path = AppDelegate.swift; sourceTree = "<group>"; };
		E3A335392AC361A00083A2F4 /* SceneDelegate.swift */ = {isa = PBXFileReference; lastKnownFileType = sourcecode.swift; path = SceneDelegate.swift; sourceTree = "<group>"; };
		E3A3353E2AC361A00083A2F4 /* Base */ = {isa = PBXFileReference; lastKnownFileType = file.storyboard; name = Base; path = Base.lproj/Main.storyboard; sourceTree = "<group>"; };
		E3A335412AC361A00083A2F4 /* SportsApp.xcdatamodel */ = {isa = PBXFileReference; lastKnownFileType = wrapper.xcdatamodel; path = SportsApp.xcdatamodel; sourceTree = "<group>"; };
		E3A335432AC361A30083A2F4 /* Assets.xcassets */ = {isa = PBXFileReference; lastKnownFileType = folder.assetcatalog; path = Assets.xcassets; sourceTree = "<group>"; };
		E3A335462AC361A30083A2F4 /* Base */ = {isa = PBXFileReference; lastKnownFileType = file.storyboard; name = Base; path = Base.lproj/LaunchScreen.storyboard; sourceTree = "<group>"; };
		E3A335482AC361A30083A2F4 /* Info.plist */ = {isa = PBXFileReference; lastKnownFileType = text.plist.xml; path = Info.plist; sourceTree = "<group>"; };
		E3A3354D2AC361A40083A2F4 /* SportsAppTests.xctest */ = {isa = PBXFileReference; explicitFileType = wrapper.cfbundle; includeInIndex = 0; path = SportsAppTests.xctest; sourceTree = BUILT_PRODUCTS_DIR; };
		E3A335512AC361A40083A2F4 /* SportsAppTests.swift */ = {isa = PBXFileReference; lastKnownFileType = sourcecode.swift; path = SportsAppTests.swift; sourceTree = "<group>"; };
		E3A335572AC361A40083A2F4 /* SportsAppUITests.xctest */ = {isa = PBXFileReference; explicitFileType = wrapper.cfbundle; includeInIndex = 0; path = SportsAppUITests.xctest; sourceTree = BUILT_PRODUCTS_DIR; };
		E3A3355B2AC361A40083A2F4 /* SportsAppUITests.swift */ = {isa = PBXFileReference; lastKnownFileType = sourcecode.swift; path = SportsAppUITests.swift; sourceTree = "<group>"; };
		E3A3355D2AC361A40083A2F4 /* SportsAppUITestsLaunchTests.swift */ = {isa = PBXFileReference; lastKnownFileType = sourcecode.swift; path = SportsAppUITestsLaunchTests.swift; sourceTree = "<group>"; };
/* End PBXFileReference section */

/* Begin PBXFrameworksBuildPhase section */
		E3A335312AC361A00083A2F4 /* Frameworks */ = {
			isa = PBXFrameworksBuildPhase;
			buildActionMask = 2147483647;
			files = (
				D9D99B6B22DF10F315102660 /* Pods_SportsApp.framework in Frameworks */,
			);
			runOnlyForDeploymentPostprocessing = 0;
		};
		E3A3354A2AC361A40083A2F4 /* Frameworks */ = {
			isa = PBXFrameworksBuildPhase;
			buildActionMask = 2147483647;
			files = (
				FE29ED2BE70BBCB88E68CD70 /* Pods_SportsAppTests.framework in Frameworks */,
			);
			runOnlyForDeploymentPostprocessing = 0;
		};
		E3A335542AC361A40083A2F4 /* Frameworks */ = {
			isa = PBXFrameworksBuildPhase;
			buildActionMask = 2147483647;
			files = (
				0827A459C97DEE6EDF95BD63 /* Pods_SportsApp_SportsAppUITests.framework in Frameworks */,
			);
			runOnlyForDeploymentPostprocessing = 0;
		};
/* End PBXFrameworksBuildPhase section */

/* Begin PBXGroup section */
		020BC6C75A7F707193F4BE8F /* Pods */ = {
			isa = PBXGroup;
			children = (
				BECECBFF986C7F6DD4632999 /* Pods-SportsApp.debug.xcconfig */,
				62F5A51FDB1415386655A4F7 /* Pods-SportsApp.release.xcconfig */,
				13BDD90F800CD852BB86BBA5 /* Pods-SportsApp-SportsAppUITests.debug.xcconfig */,
				8317BB0DE83479C2B88019BF /* Pods-SportsApp-SportsAppUITests.release.xcconfig */,
				5DE03A45B44CF5129D9861BF /* Pods-SportsAppTests.debug.xcconfig */,
				9692437C4F2300A43C001E59 /* Pods-SportsAppTests.release.xcconfig */,
			);
			path = Pods;
			sourceTree = "<group>";
		};
		450CFADD2AC366640048052F /* App */ = {
			isa = PBXGroup;
			children = (
				E3A335482AC361A30083A2F4 /* Info.plist */,
				E3A335372AC361A00083A2F4 /* AppDelegate.swift */,
				E3A335392AC361A00083A2F4 /* SceneDelegate.swift */,
				E3A335452AC361A30083A2F4 /* LaunchScreen.storyboard */,
				E3A3353D2AC361A00083A2F4 /* Main.storyboard */,
			);
			path = App;
			sourceTree = "<group>";
		};
		450CFADE2AC366820048052F /* Core */ = {
			isa = PBXGroup;
			children = (
				450CFAE52AC367970048052F /* HomeScreen */,
				450CFAEA2AC368E00048052F /* TeamDetails */,
				450CFAE92AC368AB0048052F /* LeaguesDetails */,
				450CFAE82AC3681D0048052F /* LeaguesScreen */,
			);
			path = Core;
			sourceTree = "<group>";
		};
		450CFADF2AC3668A0048052F /* Extensions */ = {
			isa = PBXGroup;
			children = (
			);
			path = Extensions;
			sourceTree = "<group>";
		};
		450CFAE02AC366920048052F /* Models */ = {
			isa = PBXGroup;
			children = (
			);
			path = Models;
			sourceTree = "<group>";
		};
		450CFAE12AC366990048052F /* Services */ = {
			isa = PBXGroup;
			children = (
			);
			path = Services;
			sourceTree = "<group>";
		};
		450CFAE22AC3669F0048052F /* Utils */ = {
			isa = PBXGroup;
			children = (
			);
			path = Utils;
			sourceTree = "<group>";
		};
		450CFAE42AC367620048052F /* Supporting Files */ = {
			isa = PBXGroup;
			children = (
				E3A335432AC361A30083A2F4 /* Assets.xcassets */,
			);
			path = "Supporting Files";
			sourceTree = "<group>";
		};
		450CFAE52AC367970048052F /* HomeScreen */ = {
			isa = PBXGroup;
			children = (
				E3056A592AC3788800AFCFAD /* Components  */,
				450CFAE72AC367AE0048052F /* View */,
				450CFAE62AC367A10048052F /* ViewModel */,
			);
			path = HomeScreen;
			sourceTree = "<group>";
		};
		450CFAE62AC367A10048052F /* ViewModel */ = {
			isa = PBXGroup;
			children = (
			);
			path = ViewModel;
			sourceTree = "<group>";
		};
		450CFAE72AC367AE0048052F /* View */ = {
			isa = PBXGroup;
			children = (
				E3056A5E2AC37A2A00AFCFAD /* SportsViewController.swift */,
			);
			path = View;
			sourceTree = "<group>";
		};
		450CFAE82AC3681D0048052F /* LeaguesScreen */ = {
			isa = PBXGroup;
			children = (
				450CFAF02AC3696F0048052F /* ViewModel */,
				450CFAEF2AC369690048052F /* View */,
			);
			path = LeaguesScreen;
			sourceTree = "<group>";
		};
		450CFAE92AC368AB0048052F /* LeaguesDetails */ = {
			isa = PBXGroup;
			children = (
				450CFAEE2AC369600048052F /* ViewModel */,
				450CFAED2AC369590048052F /* View */,
			);
			path = LeaguesDetails;
			sourceTree = "<group>";
		};
		450CFAEA2AC368E00048052F /* TeamDetails */ = {
			isa = PBXGroup;
			children = (
				450CFAEB2AC369080048052F /* View */,
				450CFAEC2AC369100048052F /* ViewModel */,
			);
			path = TeamDetails;
			sourceTree = "<group>";
		};
		450CFAEB2AC369080048052F /* View */ = {
			isa = PBXGroup;
			children = (
			);
			path = View;
			sourceTree = "<group>";
		};
		450CFAEC2AC369100048052F /* ViewModel */ = {
			isa = PBXGroup;
			children = (
			);
			path = ViewModel;
			sourceTree = "<group>";
		};
		450CFAED2AC369590048052F /* View */ = {
			isa = PBXGroup;
			children = (
			);
			path = View;
			sourceTree = "<group>";
		};
		450CFAEE2AC369600048052F /* ViewModel */ = {
			isa = PBXGroup;
			children = (
			);
			path = ViewModel;
			sourceTree = "<group>";
		};
		450CFAEF2AC369690048052F /* View */ = {
			isa = PBXGroup;
			children = (
			);
			path = View;
			sourceTree = "<group>";
		};
		450CFAF02AC3696F0048052F /* ViewModel */ = {
			isa = PBXGroup;
			children = (
			);
			path = ViewModel;
			sourceTree = "<group>";
		};
		491F3121F6555D5A0A1065D3 /* Frameworks */ = {
			isa = PBXGroup;
			children = (
				42B2D02B20403AA21FA46CB6 /* Pods_SportsApp.framework */,
				D39DC0E3196580D71B551726 /* Pods_SportsApp_SportsAppUITests.framework */,
				080C6C59248FC7EF1E93011F /* Pods_SportsAppTests.framework */,
			);
			name = Frameworks;
			sourceTree = "<group>";
		};
		E3056A592AC3788800AFCFAD /* Components  */ = {
			isa = PBXGroup;
			children = (
				E3056A5A2AC378E000AFCFAD /* SportsCell.swift */,
				E3056A5B2AC378E000AFCFAD /* SportsCell.xib */,
			);
			path = "Components ";
			sourceTree = "<group>";
		};
		E3A3352B2AC361A00083A2F4 = {
			isa = PBXGroup;
			children = (
				E3A335362AC361A00083A2F4 /* SportsApp */,
				E3A335502AC361A40083A2F4 /* SportsAppTests */,
				E3A3355A2AC361A40083A2F4 /* SportsAppUITests */,
				E3A335352AC361A00083A2F4 /* Products */,
				020BC6C75A7F707193F4BE8F /* Pods */,
				491F3121F6555D5A0A1065D3 /* Frameworks */,
			);
			sourceTree = "<group>";
		};
		E3A335352AC361A00083A2F4 /* Products */ = {
			isa = PBXGroup;
			children = (
				E3A335342AC361A00083A2F4 /* SportsApp.app */,
				E3A3354D2AC361A40083A2F4 /* SportsAppTests.xctest */,
				E3A335572AC361A40083A2F4 /* SportsAppUITests.xctest */,
			);
			name = Products;
			sourceTree = "<group>";
		};
		E3A335362AC361A00083A2F4 /* SportsApp */ = {
			isa = PBXGroup;
			children = (
				450CFAE42AC367620048052F /* Supporting Files */,
				450CFADD2AC366640048052F /* App */,
				450CFADE2AC366820048052F /* Core */,
				450CFADF2AC3668A0048052F /* Extensions */,
				450CFAE02AC366920048052F /* Models */,
				450CFAE12AC366990048052F /* Services */,
				450CFAE22AC3669F0048052F /* Utils */,
				E3A335402AC361A00083A2F4 /* SportsApp.xcdatamodeld */,
			);
			path = SportsApp;
			sourceTree = "<group>";
		};
		E3A335502AC361A40083A2F4 /* SportsAppTests */ = {
			isa = PBXGroup;
			children = (
				E3A335512AC361A40083A2F4 /* SportsAppTests.swift */,
			);
			path = SportsAppTests;
			sourceTree = "<group>";
		};
		E3A3355A2AC361A40083A2F4 /* SportsAppUITests */ = {
			isa = PBXGroup;
			children = (
				E3A3355B2AC361A40083A2F4 /* SportsAppUITests.swift */,
				E3A3355D2AC361A40083A2F4 /* SportsAppUITestsLaunchTests.swift */,
			);
			path = SportsAppUITests;
			sourceTree = "<group>";
		};
/* End PBXGroup section */

/* Begin PBXNativeTarget section */
		E3A335332AC361A00083A2F4 /* SportsApp */ = {
			isa = PBXNativeTarget;
			buildConfigurationList = E3A335612AC361A40083A2F4 /* Build configuration list for PBXNativeTarget "SportsApp" */;
			buildPhases = (
				84950119364C181C9EE97BDB /* [CP] Check Pods Manifest.lock */,
				E3A335302AC361A00083A2F4 /* Sources */,
				E3A335312AC361A00083A2F4 /* Frameworks */,
				E3A335322AC361A00083A2F4 /* Resources */,
				2DD1AE489E481CD2AF30445E /* [CP] Embed Pods Frameworks */,
			);
			buildRules = (
			);
			dependencies = (
			);
			name = SportsApp;
			productName = SportsApp;
			productReference = E3A335342AC361A00083A2F4 /* SportsApp.app */;
			productType = "com.apple.product-type.application";
		};
		E3A3354C2AC361A40083A2F4 /* SportsAppTests */ = {
			isa = PBXNativeTarget;
			buildConfigurationList = E3A335642AC361A40083A2F4 /* Build configuration list for PBXNativeTarget "SportsAppTests" */;
			buildPhases = (
				07ED5C2FD51B37184B4BFDD3 /* [CP] Check Pods Manifest.lock */,
				E3A335492AC361A40083A2F4 /* Sources */,
				E3A3354A2AC361A40083A2F4 /* Frameworks */,
				E3A3354B2AC361A40083A2F4 /* Resources */,
			);
			buildRules = (
			);
			dependencies = (
				E3A3354F2AC361A40083A2F4 /* PBXTargetDependency */,
			);
			name = SportsAppTests;
			productName = SportsAppTests;
			productReference = E3A3354D2AC361A40083A2F4 /* SportsAppTests.xctest */;
			productType = "com.apple.product-type.bundle.unit-test";
		};
		E3A335562AC361A40083A2F4 /* SportsAppUITests */ = {
			isa = PBXNativeTarget;
			buildConfigurationList = E3A335672AC361A40083A2F4 /* Build configuration list for PBXNativeTarget "SportsAppUITests" */;
			buildPhases = (
				3EB0583047EEF1AF0BDF4398 /* [CP] Check Pods Manifest.lock */,
				E3A335532AC361A40083A2F4 /* Sources */,
				E3A335542AC361A40083A2F4 /* Frameworks */,
				E3A335552AC361A40083A2F4 /* Resources */,
				E33F89611BCDA5C2420B6679 /* [CP] Embed Pods Frameworks */,
			);
			buildRules = (
			);
			dependencies = (
				E3A335592AC361A40083A2F4 /* PBXTargetDependency */,
			);
			name = SportsAppUITests;
			productName = SportsAppUITests;
			productReference = E3A335572AC361A40083A2F4 /* SportsAppUITests.xctest */;
			productType = "com.apple.product-type.bundle.ui-testing";
		};
/* End PBXNativeTarget section */

/* Begin PBXProject section */
		E3A3352C2AC361A00083A2F4 /* Project object */ = {
			isa = PBXProject;
			attributes = {
				BuildIndependentTargetsInParallel = 1;
				LastSwiftUpdateCheck = 1420;
				LastUpgradeCheck = 1420;
				TargetAttributes = {
					E3A335332AC361A00083A2F4 = {
						CreatedOnToolsVersion = 14.2;
					};
					E3A3354C2AC361A40083A2F4 = {
						CreatedOnToolsVersion = 14.2;
						TestTargetID = E3A335332AC361A00083A2F4;
					};
					E3A335562AC361A40083A2F4 = {
						CreatedOnToolsVersion = 14.2;
						TestTargetID = E3A335332AC361A00083A2F4;
					};
				};
			};
			buildConfigurationList = E3A3352F2AC361A00083A2F4 /* Build configuration list for PBXProject "SportsApp" */;
			compatibilityVersion = "Xcode 14.0";
			developmentRegion = en;
			hasScannedForEncodings = 0;
			knownRegions = (
				en,
				Base,
			);
			mainGroup = E3A3352B2AC361A00083A2F4;
			productRefGroup = E3A335352AC361A00083A2F4 /* Products */;
			projectDirPath = "";
			projectRoot = "";
			targets = (
				E3A335332AC361A00083A2F4 /* SportsApp */,
				E3A3354C2AC361A40083A2F4 /* SportsAppTests */,
				E3A335562AC361A40083A2F4 /* SportsAppUITests */,
			);
		};
/* End PBXProject section */

/* Begin PBXResourcesBuildPhase section */
		E3A335322AC361A00083A2F4 /* Resources */ = {
			isa = PBXResourcesBuildPhase;
			buildActionMask = 2147483647;
			files = (
				E3A335472AC361A30083A2F4 /* LaunchScreen.storyboard in Resources */,
				E3A335442AC361A30083A2F4 /* Assets.xcassets in Resources */,
				E3056A5D2AC378E000AFCFAD /* SportsCell.xib in Resources */,
				E3A3353F2AC361A00083A2F4 /* Main.storyboard in Resources */,
			);
			runOnlyForDeploymentPostprocessing = 0;
		};
		E3A3354B2AC361A40083A2F4 /* Resources */ = {
			isa = PBXResourcesBuildPhase;
			buildActionMask = 2147483647;
			files = (
			);
			runOnlyForDeploymentPostprocessing = 0;
		};
		E3A335552AC361A40083A2F4 /* Resources */ = {
			isa = PBXResourcesBuildPhase;
			buildActionMask = 2147483647;
			files = (
			);
			runOnlyForDeploymentPostprocessing = 0;
		};
/* End PBXResourcesBuildPhase section */

/* Begin PBXShellScriptBuildPhase section */
		07ED5C2FD51B37184B4BFDD3 /* [CP] Check Pods Manifest.lock */ = {
			isa = PBXShellScriptBuildPhase;
			buildActionMask = 2147483647;
			files = (
			);
			inputFileListPaths = (
			);
			inputPaths = (
				"${PODS_PODFILE_DIR_PATH}/Podfile.lock",
				"${PODS_ROOT}/Manifest.lock",
			);
			name = "[CP] Check Pods Manifest.lock";
			outputFileListPaths = (
			);
			outputPaths = (
				"$(DERIVED_FILE_DIR)/Pods-SportsAppTests-checkManifestLockResult.txt",
			);
			runOnlyForDeploymentPostprocessing = 0;
			shellPath = /bin/sh;
			shellScript = "diff \"${PODS_PODFILE_DIR_PATH}/Podfile.lock\" \"${PODS_ROOT}/Manifest.lock\" > /dev/null\nif [ $? != 0 ] ; then\n    # print error to STDERR\n    echo \"error: The sandbox is not in sync with the Podfile.lock. Run 'pod install' or update your CocoaPods installation.\" >&2\n    exit 1\nfi\n# This output is used by Xcode 'outputs' to avoid re-running this script phase.\necho \"SUCCESS\" > \"${SCRIPT_OUTPUT_FILE_0}\"\n";
			showEnvVarsInLog = 0;
		};
		2DD1AE489E481CD2AF30445E /* [CP] Embed Pods Frameworks */ = {
			isa = PBXShellScriptBuildPhase;
			buildActionMask = 2147483647;
			files = (
			);
			inputFileListPaths = (
				"${PODS_ROOT}/Target Support Files/Pods-SportsApp/Pods-SportsApp-frameworks-${CONFIGURATION}-input-files.xcfilelist",
			);
			name = "[CP] Embed Pods Frameworks";
			outputFileListPaths = (
				"${PODS_ROOT}/Target Support Files/Pods-SportsApp/Pods-SportsApp-frameworks-${CONFIGURATION}-output-files.xcfilelist",
			);
			runOnlyForDeploymentPostprocessing = 0;
			shellPath = /bin/sh;
			shellScript = "\"${PODS_ROOT}/Target Support Files/Pods-SportsApp/Pods-SportsApp-frameworks.sh\"\n";
			showEnvVarsInLog = 0;
		};
		3EB0583047EEF1AF0BDF4398 /* [CP] Check Pods Manifest.lock */ = {
			isa = PBXShellScriptBuildPhase;
			buildActionMask = 2147483647;
			files = (
			);
			inputFileListPaths = (
			);
			inputPaths = (
				"${PODS_PODFILE_DIR_PATH}/Podfile.lock",
				"${PODS_ROOT}/Manifest.lock",
			);
			name = "[CP] Check Pods Manifest.lock";
			outputFileListPaths = (
			);
			outputPaths = (
				"$(DERIVED_FILE_DIR)/Pods-SportsApp-SportsAppUITests-checkManifestLockResult.txt",
			);
			runOnlyForDeploymentPostprocessing = 0;
			shellPath = /bin/sh;
			shellScript = "diff \"${PODS_PODFILE_DIR_PATH}/Podfile.lock\" \"${PODS_ROOT}/Manifest.lock\" > /dev/null\nif [ $? != 0 ] ; then\n    # print error to STDERR\n    echo \"error: The sandbox is not in sync with the Podfile.lock. Run 'pod install' or update your CocoaPods installation.\" >&2\n    exit 1\nfi\n# This output is used by Xcode 'outputs' to avoid re-running this script phase.\necho \"SUCCESS\" > \"${SCRIPT_OUTPUT_FILE_0}\"\n";
			showEnvVarsInLog = 0;
		};
		84950119364C181C9EE97BDB /* [CP] Check Pods Manifest.lock */ = {
			isa = PBXShellScriptBuildPhase;
			buildActionMask = 2147483647;
			files = (
			);
			inputFileListPaths = (
			);
			inputPaths = (
				"${PODS_PODFILE_DIR_PATH}/Podfile.lock",
				"${PODS_ROOT}/Manifest.lock",
			);
			name = "[CP] Check Pods Manifest.lock";
			outputFileListPaths = (
			);
			outputPaths = (
				"$(DERIVED_FILE_DIR)/Pods-SportsApp-checkManifestLockResult.txt",
			);
			runOnlyForDeploymentPostprocessing = 0;
			shellPath = /bin/sh;
			shellScript = "diff \"${PODS_PODFILE_DIR_PATH}/Podfile.lock\" \"${PODS_ROOT}/Manifest.lock\" > /dev/null\nif [ $? != 0 ] ; then\n    # print error to STDERR\n    echo \"error: The sandbox is not in sync with the Podfile.lock. Run 'pod install' or update your CocoaPods installation.\" >&2\n    exit 1\nfi\n# This output is used by Xcode 'outputs' to avoid re-running this script phase.\necho \"SUCCESS\" > \"${SCRIPT_OUTPUT_FILE_0}\"\n";
			showEnvVarsInLog = 0;
		};
		E33F89611BCDA5C2420B6679 /* [CP] Embed Pods Frameworks */ = {
			isa = PBXShellScriptBuildPhase;
			buildActionMask = 2147483647;
			files = (
			);
			inputFileListPaths = (
				"${PODS_ROOT}/Target Support Files/Pods-SportsApp-SportsAppUITests/Pods-SportsApp-SportsAppUITests-frameworks-${CONFIGURATION}-input-files.xcfilelist",
			);
			name = "[CP] Embed Pods Frameworks";
			outputFileListPaths = (
				"${PODS_ROOT}/Target Support Files/Pods-SportsApp-SportsAppUITests/Pods-SportsApp-SportsAppUITests-frameworks-${CONFIGURATION}-output-files.xcfilelist",
			);
			runOnlyForDeploymentPostprocessing = 0;
			shellPath = /bin/sh;
			shellScript = "\"${PODS_ROOT}/Target Support Files/Pods-SportsApp-SportsAppUITests/Pods-SportsApp-SportsAppUITests-frameworks.sh\"\n";
			showEnvVarsInLog = 0;
		};
/* End PBXShellScriptBuildPhase section */

/* Begin PBXSourcesBuildPhase section */
		E3A335302AC361A00083A2F4 /* Sources */ = {
			isa = PBXSourcesBuildPhase;
			buildActionMask = 2147483647;
			files = (
				E3A335382AC361A00083A2F4 /* AppDelegate.swift in Sources */,
				E3A335422AC361A00083A2F4 /* SportsApp.xcdatamodeld in Sources */,
				E3056A5F2AC37A2A00AFCFAD /* SportsViewController.swift in Sources */,
				E3056A5C2AC378E000AFCFAD /* SportsCell.swift in Sources */,
				E3A3353A2AC361A00083A2F4 /* SceneDelegate.swift in Sources */,
			);
			runOnlyForDeploymentPostprocessing = 0;
		};
		E3A335492AC361A40083A2F4 /* Sources */ = {
			isa = PBXSourcesBuildPhase;
			buildActionMask = 2147483647;
			files = (
				E3A335522AC361A40083A2F4 /* SportsAppTests.swift in Sources */,
			);
			runOnlyForDeploymentPostprocessing = 0;
		};
		E3A335532AC361A40083A2F4 /* Sources */ = {
			isa = PBXSourcesBuildPhase;
			buildActionMask = 2147483647;
			files = (
				E3A3355C2AC361A40083A2F4 /* SportsAppUITests.swift in Sources */,
				E3A3355E2AC361A40083A2F4 /* SportsAppUITestsLaunchTests.swift in Sources */,
			);
			runOnlyForDeploymentPostprocessing = 0;
		};
/* End PBXSourcesBuildPhase section */

/* Begin PBXTargetDependency section */
		E3A3354F2AC361A40083A2F4 /* PBXTargetDependency */ = {
			isa = PBXTargetDependency;
			target = E3A335332AC361A00083A2F4 /* SportsApp */;
			targetProxy = E3A3354E2AC361A40083A2F4 /* PBXContainerItemProxy */;
		};
		E3A335592AC361A40083A2F4 /* PBXTargetDependency */ = {
			isa = PBXTargetDependency;
			target = E3A335332AC361A00083A2F4 /* SportsApp */;
			targetProxy = E3A335582AC361A40083A2F4 /* PBXContainerItemProxy */;
		};
/* End PBXTargetDependency section */

/* Begin PBXVariantGroup section */
		E3A3353D2AC361A00083A2F4 /* Main.storyboard */ = {
			isa = PBXVariantGroup;
			children = (
				E3A3353E2AC361A00083A2F4 /* Base */,
			);
			name = Main.storyboard;
			sourceTree = "<group>";
		};
		E3A335452AC361A30083A2F4 /* LaunchScreen.storyboard */ = {
			isa = PBXVariantGroup;
			children = (
				E3A335462AC361A30083A2F4 /* Base */,
			);
			name = LaunchScreen.storyboard;
			sourceTree = "<group>";
		};
/* End PBXVariantGroup section */

/* Begin XCBuildConfiguration section */
		E3A3355F2AC361A40083A2F4 /* Debug */ = {
			isa = XCBuildConfiguration;
			buildSettings = {
				ALWAYS_SEARCH_USER_PATHS = NO;
				CLANG_ANALYZER_NONNULL = YES;
				CLANG_ANALYZER_NUMBER_OBJECT_CONVERSION = YES_AGGRESSIVE;
				CLANG_CXX_LANGUAGE_STANDARD = "gnu++20";
				CLANG_ENABLE_MODULES = YES;
				CLANG_ENABLE_OBJC_ARC = YES;
				CLANG_ENABLE_OBJC_WEAK = YES;
				CLANG_WARN_BLOCK_CAPTURE_AUTORELEASING = YES;
				CLANG_WARN_BOOL_CONVERSION = YES;
				CLANG_WARN_COMMA = YES;
				CLANG_WARN_CONSTANT_CONVERSION = YES;
				CLANG_WARN_DEPRECATED_OBJC_IMPLEMENTATIONS = YES;
				CLANG_WARN_DIRECT_OBJC_ISA_USAGE = YES_ERROR;
				CLANG_WARN_DOCUMENTATION_COMMENTS = YES;
				CLANG_WARN_EMPTY_BODY = YES;
				CLANG_WARN_ENUM_CONVERSION = YES;
				CLANG_WARN_INFINITE_RECURSION = YES;
				CLANG_WARN_INT_CONVERSION = YES;
				CLANG_WARN_NON_LITERAL_NULL_CONVERSION = YES;
				CLANG_WARN_OBJC_IMPLICIT_RETAIN_SELF = YES;
				CLANG_WARN_OBJC_LITERAL_CONVERSION = YES;
				CLANG_WARN_OBJC_ROOT_CLASS = YES_ERROR;
				CLANG_WARN_QUOTED_INCLUDE_IN_FRAMEWORK_HEADER = YES;
				CLANG_WARN_RANGE_LOOP_ANALYSIS = YES;
				CLANG_WARN_STRICT_PROTOTYPES = YES;
				CLANG_WARN_SUSPICIOUS_MOVE = YES;
				CLANG_WARN_UNGUARDED_AVAILABILITY = YES_AGGRESSIVE;
				CLANG_WARN_UNREACHABLE_CODE = YES;
				CLANG_WARN__DUPLICATE_METHOD_MATCH = YES;
				COPY_PHASE_STRIP = NO;
				DEBUG_INFORMATION_FORMAT = dwarf;
				ENABLE_STRICT_OBJC_MSGSEND = YES;
				ENABLE_TESTABILITY = YES;
				GCC_C_LANGUAGE_STANDARD = gnu11;
				GCC_DYNAMIC_NO_PIC = NO;
				GCC_NO_COMMON_BLOCKS = YES;
				GCC_OPTIMIZATION_LEVEL = 0;
				GCC_PREPROCESSOR_DEFINITIONS = (
					"DEBUG=1",
					"$(inherited)",
				);
				GCC_WARN_64_TO_32_BIT_CONVERSION = YES;
				GCC_WARN_ABOUT_RETURN_TYPE = YES_ERROR;
				GCC_WARN_UNDECLARED_SELECTOR = YES;
				GCC_WARN_UNINITIALIZED_AUTOS = YES_AGGRESSIVE;
				GCC_WARN_UNUSED_FUNCTION = YES;
				GCC_WARN_UNUSED_VARIABLE = YES;
				IPHONEOS_DEPLOYMENT_TARGET = 16.2;
				MTL_ENABLE_DEBUG_INFO = INCLUDE_SOURCE;
				MTL_FAST_MATH = YES;
				ONLY_ACTIVE_ARCH = YES;
				SDKROOT = iphoneos;
				SWIFT_ACTIVE_COMPILATION_CONDITIONS = DEBUG;
				SWIFT_OPTIMIZATION_LEVEL = "-Onone";
			};
			name = Debug;
		};
		E3A335602AC361A40083A2F4 /* Release */ = {
			isa = XCBuildConfiguration;
			buildSettings = {
				ALWAYS_SEARCH_USER_PATHS = NO;
				CLANG_ANALYZER_NONNULL = YES;
				CLANG_ANALYZER_NUMBER_OBJECT_CONVERSION = YES_AGGRESSIVE;
				CLANG_CXX_LANGUAGE_STANDARD = "gnu++20";
				CLANG_ENABLE_MODULES = YES;
				CLANG_ENABLE_OBJC_ARC = YES;
				CLANG_ENABLE_OBJC_WEAK = YES;
				CLANG_WARN_BLOCK_CAPTURE_AUTORELEASING = YES;
				CLANG_WARN_BOOL_CONVERSION = YES;
				CLANG_WARN_COMMA = YES;
				CLANG_WARN_CONSTANT_CONVERSION = YES;
				CLANG_WARN_DEPRECATED_OBJC_IMPLEMENTATIONS = YES;
				CLANG_WARN_DIRECT_OBJC_ISA_USAGE = YES_ERROR;
				CLANG_WARN_DOCUMENTATION_COMMENTS = YES;
				CLANG_WARN_EMPTY_BODY = YES;
				CLANG_WARN_ENUM_CONVERSION = YES;
				CLANG_WARN_INFINITE_RECURSION = YES;
				CLANG_WARN_INT_CONVERSION = YES;
				CLANG_WARN_NON_LITERAL_NULL_CONVERSION = YES;
				CLANG_WARN_OBJC_IMPLICIT_RETAIN_SELF = YES;
				CLANG_WARN_OBJC_LITERAL_CONVERSION = YES;
				CLANG_WARN_OBJC_ROOT_CLASS = YES_ERROR;
				CLANG_WARN_QUOTED_INCLUDE_IN_FRAMEWORK_HEADER = YES;
				CLANG_WARN_RANGE_LOOP_ANALYSIS = YES;
				CLANG_WARN_STRICT_PROTOTYPES = YES;
				CLANG_WARN_SUSPICIOUS_MOVE = YES;
				CLANG_WARN_UNGUARDED_AVAILABILITY = YES_AGGRESSIVE;
				CLANG_WARN_UNREACHABLE_CODE = YES;
				CLANG_WARN__DUPLICATE_METHOD_MATCH = YES;
				COPY_PHASE_STRIP = NO;
				DEBUG_INFORMATION_FORMAT = "dwarf-with-dsym";
				ENABLE_NS_ASSERTIONS = NO;
				ENABLE_STRICT_OBJC_MSGSEND = YES;
				GCC_C_LANGUAGE_STANDARD = gnu11;
				GCC_NO_COMMON_BLOCKS = YES;
				GCC_WARN_64_TO_32_BIT_CONVERSION = YES;
				GCC_WARN_ABOUT_RETURN_TYPE = YES_ERROR;
				GCC_WARN_UNDECLARED_SELECTOR = YES;
				GCC_WARN_UNINITIALIZED_AUTOS = YES_AGGRESSIVE;
				GCC_WARN_UNUSED_FUNCTION = YES;
				GCC_WARN_UNUSED_VARIABLE = YES;
				IPHONEOS_DEPLOYMENT_TARGET = 16.2;
				MTL_ENABLE_DEBUG_INFO = NO;
				MTL_FAST_MATH = YES;
				SDKROOT = iphoneos;
				SWIFT_COMPILATION_MODE = wholemodule;
				SWIFT_OPTIMIZATION_LEVEL = "-O";
				VALIDATE_PRODUCT = YES;
			};
			name = Release;
		};
		E3A335622AC361A40083A2F4 /* Debug */ = {
			isa = XCBuildConfiguration;
			baseConfigurationReference = BECECBFF986C7F6DD4632999 /* Pods-SportsApp.debug.xcconfig */;
			buildSettings = {
				ASSETCATALOG_COMPILER_APPICON_NAME = AppIcon;
				ASSETCATALOG_COMPILER_GLOBAL_ACCENT_COLOR_NAME = AccentColor;
				CODE_SIGN_STYLE = Automatic;
				CURRENT_PROJECT_VERSION = 1;
				DEVELOPMENT_TEAM = 7W7N543YH7;
				GENERATE_INFOPLIST_FILE = YES;
				INFOPLIST_FILE = SportsApp/App/Info.plist;
				INFOPLIST_KEY_UIApplicationSupportsIndirectInputEvents = YES;
				INFOPLIST_KEY_UILaunchStoryboardName = LaunchScreen;
				INFOPLIST_KEY_UIMainStoryboardFile = Main;
				INFOPLIST_KEY_UISupportedInterfaceOrientations_iPad = "UIInterfaceOrientationPortrait UIInterfaceOrientationPortraitUpsideDown UIInterfaceOrientationLandscapeLeft UIInterfaceOrientationLandscapeRight";
				INFOPLIST_KEY_UISupportedInterfaceOrientations_iPhone = "UIInterfaceOrientationPortrait UIInterfaceOrientationLandscapeLeft UIInterfaceOrientationLandscapeRight";
				LD_RUNPATH_SEARCH_PATHS = (
					"$(inherited)",
					"@executable_path/Frameworks",
				);
				MARKETING_VERSION = 1.0;
				PRODUCT_BUNDLE_IDENTIFIER = "EOA-industry.SportsApp";
				PRODUCT_NAME = "$(TARGET_NAME)";
				SWIFT_EMIT_LOC_STRINGS = YES;
				SWIFT_VERSION = 5.0;
				TARGETED_DEVICE_FAMILY = "1,2";
			};
			name = Debug;
		};
		E3A335632AC361A40083A2F4 /* Release */ = {
			isa = XCBuildConfiguration;
			baseConfigurationReference = 62F5A51FDB1415386655A4F7 /* Pods-SportsApp.release.xcconfig */;
			buildSettings = {
				ASSETCATALOG_COMPILER_APPICON_NAME = AppIcon;
				ASSETCATALOG_COMPILER_GLOBAL_ACCENT_COLOR_NAME = AccentColor;
				CODE_SIGN_STYLE = Automatic;
				CURRENT_PROJECT_VERSION = 1;
				DEVELOPMENT_TEAM = 7W7N543YH7;
				GENERATE_INFOPLIST_FILE = YES;
				INFOPLIST_FILE = SportsApp/App/Info.plist;
				INFOPLIST_KEY_UIApplicationSupportsIndirectInputEvents = YES;
				INFOPLIST_KEY_UILaunchStoryboardName = LaunchScreen;
				INFOPLIST_KEY_UIMainStoryboardFile = Main;
				INFOPLIST_KEY_UISupportedInterfaceOrientations_iPad = "UIInterfaceOrientationPortrait UIInterfaceOrientationPortraitUpsideDown UIInterfaceOrientationLandscapeLeft UIInterfaceOrientationLandscapeRight";
				INFOPLIST_KEY_UISupportedInterfaceOrientations_iPhone = "UIInterfaceOrientationPortrait UIInterfaceOrientationLandscapeLeft UIInterfaceOrientationLandscapeRight";
				LD_RUNPATH_SEARCH_PATHS = (
					"$(inherited)",
					"@executable_path/Frameworks",
				);
				MARKETING_VERSION = 1.0;
				PRODUCT_BUNDLE_IDENTIFIER = "EOA-industry.SportsApp";
				PRODUCT_NAME = "$(TARGET_NAME)";
				SWIFT_EMIT_LOC_STRINGS = YES;
				SWIFT_VERSION = 5.0;
				TARGETED_DEVICE_FAMILY = "1,2";
			};
			name = Release;
		};
		E3A335652AC361A40083A2F4 /* Debug */ = {
			isa = XCBuildConfiguration;
			baseConfigurationReference = 5DE03A45B44CF5129D9861BF /* Pods-SportsAppTests.debug.xcconfig */;
			buildSettings = {
				ALWAYS_EMBED_SWIFT_STANDARD_LIBRARIES = YES;
				BUNDLE_LOADER = "$(TEST_HOST)";
				CODE_SIGN_STYLE = Automatic;
				CURRENT_PROJECT_VERSION = 1;
				DEVELOPMENT_TEAM = 7W7N543YH7;
				GENERATE_INFOPLIST_FILE = YES;
				IPHONEOS_DEPLOYMENT_TARGET = 16.2;
				MARKETING_VERSION = 1.0;
				PRODUCT_BUNDLE_IDENTIFIER = "EOA-industry.SportsAppTests";
				PRODUCT_NAME = "$(TARGET_NAME)";
				SWIFT_EMIT_LOC_STRINGS = NO;
				SWIFT_VERSION = 5.0;
				TARGETED_DEVICE_FAMILY = "1,2";
				TEST_HOST = "$(BUILT_PRODUCTS_DIR)/SportsApp.app/$(BUNDLE_EXECUTABLE_FOLDER_PATH)/SportsApp";
			};
			name = Debug;
		};
		E3A335662AC361A40083A2F4 /* Release */ = {
			isa = XCBuildConfiguration;
			baseConfigurationReference = 9692437C4F2300A43C001E59 /* Pods-SportsAppTests.release.xcconfig */;
			buildSettings = {
				ALWAYS_EMBED_SWIFT_STANDARD_LIBRARIES = YES;
				BUNDLE_LOADER = "$(TEST_HOST)";
				CODE_SIGN_STYLE = Automatic;
				CURRENT_PROJECT_VERSION = 1;
				DEVELOPMENT_TEAM = 7W7N543YH7;
				GENERATE_INFOPLIST_FILE = YES;
				IPHONEOS_DEPLOYMENT_TARGET = 16.2;
				MARKETING_VERSION = 1.0;
				PRODUCT_BUNDLE_IDENTIFIER = "EOA-industry.SportsAppTests";
				PRODUCT_NAME = "$(TARGET_NAME)";
				SWIFT_EMIT_LOC_STRINGS = NO;
				SWIFT_VERSION = 5.0;
				TARGETED_DEVICE_FAMILY = "1,2";
				TEST_HOST = "$(BUILT_PRODUCTS_DIR)/SportsApp.app/$(BUNDLE_EXECUTABLE_FOLDER_PATH)/SportsApp";
			};
			name = Release;
		};
		E3A335682AC361A40083A2F4 /* Debug */ = {
			isa = XCBuildConfiguration;
			baseConfigurationReference = 13BDD90F800CD852BB86BBA5 /* Pods-SportsApp-SportsAppUITests.debug.xcconfig */;
			buildSettings = {
				ALWAYS_EMBED_SWIFT_STANDARD_LIBRARIES = YES;
				CODE_SIGN_STYLE = Automatic;
				CURRENT_PROJECT_VERSION = 1;
				DEVELOPMENT_TEAM = 7W7N543YH7;
				GENERATE_INFOPLIST_FILE = YES;
				MARKETING_VERSION = 1.0;
				PRODUCT_BUNDLE_IDENTIFIER = "EOA-industry.SportsAppUITests";
				PRODUCT_NAME = "$(TARGET_NAME)";
				SWIFT_EMIT_LOC_STRINGS = NO;
				SWIFT_VERSION = 5.0;
				TARGETED_DEVICE_FAMILY = "1,2";
				TEST_TARGET_NAME = SportsApp;
			};
			name = Debug;
		};
		E3A335692AC361A40083A2F4 /* Release */ = {
			isa = XCBuildConfiguration;
			baseConfigurationReference = 8317BB0DE83479C2B88019BF /* Pods-SportsApp-SportsAppUITests.release.xcconfig */;
			buildSettings = {
				ALWAYS_EMBED_SWIFT_STANDARD_LIBRARIES = YES;
				CODE_SIGN_STYLE = Automatic;
				CURRENT_PROJECT_VERSION = 1;
				DEVELOPMENT_TEAM = 7W7N543YH7;
				GENERATE_INFOPLIST_FILE = YES;
				MARKETING_VERSION = 1.0;
				PRODUCT_BUNDLE_IDENTIFIER = "EOA-industry.SportsAppUITests";
				PRODUCT_NAME = "$(TARGET_NAME)";
				SWIFT_EMIT_LOC_STRINGS = NO;
				SWIFT_VERSION = 5.0;
				TARGETED_DEVICE_FAMILY = "1,2";
				TEST_TARGET_NAME = SportsApp;
			};
			name = Release;
		};
/* End XCBuildConfiguration section */

/* Begin XCConfigurationList section */
		E3A3352F2AC361A00083A2F4 /* Build configuration list for PBXProject "SportsApp" */ = {
			isa = XCConfigurationList;
			buildConfigurations = (
				E3A3355F2AC361A40083A2F4 /* Debug */,
				E3A335602AC361A40083A2F4 /* Release */,
			);
			defaultConfigurationIsVisible = 0;
			defaultConfigurationName = Release;
		};
		E3A335612AC361A40083A2F4 /* Build configuration list for PBXNativeTarget "SportsApp" */ = {
			isa = XCConfigurationList;
			buildConfigurations = (
				E3A335622AC361A40083A2F4 /* Debug */,
				E3A335632AC361A40083A2F4 /* Release */,
			);
			defaultConfigurationIsVisible = 0;
			defaultConfigurationName = Release;
		};
		E3A335642AC361A40083A2F4 /* Build configuration list for PBXNativeTarget "SportsAppTests" */ = {
			isa = XCConfigurationList;
			buildConfigurations = (
				E3A335652AC361A40083A2F4 /* Debug */,
				E3A335662AC361A40083A2F4 /* Release */,
			);
			defaultConfigurationIsVisible = 0;
			defaultConfigurationName = Release;
		};
		E3A335672AC361A40083A2F4 /* Build configuration list for PBXNativeTarget "SportsAppUITests" */ = {
			isa = XCConfigurationList;
			buildConfigurations = (
				E3A335682AC361A40083A2F4 /* Debug */,
				E3A335692AC361A40083A2F4 /* Release */,
			);
			defaultConfigurationIsVisible = 0;
			defaultConfigurationName = Release;
		};
/* End XCConfigurationList section */

/* Begin XCVersionGroup section */
		E3A335402AC361A00083A2F4 /* SportsApp.xcdatamodeld */ = {
			isa = XCVersionGroup;
			children = (
				E3A335412AC361A00083A2F4 /* SportsApp.xcdatamodel */,
			);
			currentVersion = E3A335412AC361A00083A2F4 /* SportsApp.xcdatamodel */;
			path = SportsApp.xcdatamodeld;
			sourceTree = "<group>";
			versionGroupType = wrapper.xcdatamodel;
		};
/* End XCVersionGroup section */
	};
	rootObject = E3A3352C2AC361A00083A2F4 /* Project object */;
}
